// !$*UTF8*$!
{
	archiveVersion = 1;
	classes = {
	};
	objectVersion = 46;
	objects = {

/* Begin PBXBuildFile section */
		752A36D31C6CCD5B000B711F /* AppDelegate.swift in Sources */ = {isa = PBXBuildFile; fileRef = 752A36D21C6CCD5B000B711F /* AppDelegate.swift */; };
		752A36D51C6CCD5B000B711F /* ViewController.swift in Sources */ = {isa = PBXBuildFile; fileRef = 752A36D41C6CCD5B000B711F /* ViewController.swift */; };
		752A36D81C6CCD5B000B711F /* Main.storyboard in Resources */ = {isa = PBXBuildFile; fileRef = 752A36D61C6CCD5B000B711F /* Main.storyboard */; };
		752A36DA1C6CCD5B000B711F /* Images.xcassets in Resources */ = {isa = PBXBuildFile; fileRef = 752A36D91C6CCD5B000B711F /* Images.xcassets */; };
		752A36DD1C6CCD5B000B711F /* LaunchScreen.xib in Resources */ = {isa = PBXBuildFile; fileRef = 752A36DB1C6CCD5B000B711F /* LaunchScreen.xib */; };
		752A36E91C6CCD5B000B711F /* WordListTests.swift in Sources */ = {isa = PBXBuildFile; fileRef = 752A36E81C6CCD5B000B711F /* WordListTests.swift */; };
		752A36FA1C6CCDE8000B711F /* Default-568h@2x.png in Resources */ = {isa = PBXBuildFile; fileRef = 752A36F41C6CCDE8000B711F /* Default-568h@2x.png */; };
		752A36FB1C6CCDE8000B711F /* Default-667h@2x.png in Resources */ = {isa = PBXBuildFile; fileRef = 752A36F51C6CCDE8000B711F /* Default-667h@2x.png */; };
		752A36FC1C6CCDE8000B711F /* Default-736h@3x.png in Resources */ = {isa = PBXBuildFile; fileRef = 752A36F61C6CCDE8000B711F /* Default-736h@3x.png */; };
		752A36FD1C6CCDE8000B711F /* fin.png in Resources */ = {isa = PBXBuildFile; fileRef = 752A36F71C6CCDE8000B711F /* fin.png */; };
		752A36FE1C6CCDE8000B711F /* title_logo.png in Resources */ = {isa = PBXBuildFile; fileRef = 752A36F81C6CCDE8000B711F /* title_logo.png */; };
		752A36FF1C6CCDE8000B711F /* word_blank.png in Resources */ = {isa = PBXBuildFile; fileRef = 752A36F91C6CCDE8000B711F /* word_blank.png */; };
		752A37011C6CDE8A000B711F /* QuestionViewController.swift in Sources */ = {isa = PBXBuildFile; fileRef = 752A37001C6CDE8A000B711F /* QuestionViewController.swift */; };
		752A37031C6CDEA6000B711F /* FinishViewController.swift in Sources */ = {isa = PBXBuildFile; fileRef = 752A37021C6CDEA6000B711F /* FinishViewController.swift */; };
		752A37051C6CDEC9000B711F /* ListTableViewController.swift in Sources */ = {isa = PBXBuildFile; fileRef = 752A37041C6CDEC9000B711F /* ListTableViewController.swift */; };
		752A37071C6CDEE4000B711F /* AddViewController.swift in Sources */ = {isa = PBXBuildFile; fileRef = 752A37061C6CDEE4000B711F /* AddViewController.swift */; };
		752A370E1C6CFF1A000B711F /* ListTableViewCell.swift in Sources */ = {isa = PBXBuildFile; fileRef = 752A370C1C6CFF1A000B711F /* ListTableViewCell.swift */; };
		752A370F1C6CFF1A000B711F /* ListTableViewCell.xib in Resources */ = {isa = PBXBuildFile; fileRef = 752A370D1C6CFF1A000B711F /* ListTableViewCell.xib */; };
/* End PBXBuildFile section */

/* Begin PBXContainerItemProxy section */
		752A36E31C6CCD5B000B711F /* PBXContainerItemProxy */ = {
			isa = PBXContainerItemProxy;
			containerPortal = 752A36C51C6CCD5B000B711F /* Project object */;
			proxyType = 1;
			remoteGlobalIDString = 752A36CC1C6CCD5B000B711F;
			remoteInfo = WordList;
		};
/* End PBXContainerItemProxy section */

/* Begin PBXFileReference section */
		752A36CD1C6CCD5B000B711F /* WordList.app */ = {isa = PBXFileReference; explicitFileType = wrapper.application; includeInIndex = 0; path = WordList.app; sourceTree = BUILT_PRODUCTS_DIR; };
		752A36D11C6CCD5B000B711F /* Info.plist */ = {isa = PBXFileReference; lastKnownFileType = text.plist.xml; path = Info.plist; sourceTree = "<group>"; };
		752A36D21C6CCD5B000B711F /* AppDelegate.swift */ = {isa = PBXFileReference; lastKnownFileType = sourcecode.swift; path = AppDelegate.swift; sourceTree = "<group>"; };
		752A36D41C6CCD5B000B711F /* ViewController.swift */ = {isa = PBXFileReference; lastKnownFileType = sourcecode.swift; path = ViewController.swift; sourceTree = "<group>"; };
		752A36D71C6CCD5B000B711F /* Base */ = {isa = PBXFileReference; lastKnownFileType = file.storyboard; name = Base; path = Base.lproj/Main.storyboard; sourceTree = "<group>"; };
		752A36D91C6CCD5B000B711F /* Images.xcassets */ = {isa = PBXFileReference; lastKnownFileType = folder.assetcatalog; path = Images.xcassets; sourceTree = "<group>"; };
		752A36DC1C6CCD5B000B711F /* Base */ = {isa = PBXFileReference; lastKnownFileType = file.xib; name = Base; path = Base.lproj/LaunchScreen.xib; sourceTree = "<group>"; };
		752A36E21C6CCD5B000B711F /* WordListTests.xctest */ = {isa = PBXFileReference; explicitFileType = wrapper.cfbundle; includeInIndex = 0; path = WordListTests.xctest; sourceTree = BUILT_PRODUCTS_DIR; };
		752A36E71C6CCD5B000B711F /* Info.plist */ = {isa = PBXFileReference; lastKnownFileType = text.plist.xml; path = Info.plist; sourceTree = "<group>"; };
		752A36E81C6CCD5B000B711F /* WordListTests.swift */ = {isa = PBXFileReference; lastKnownFileType = sourcecode.swift; path = WordListTests.swift; sourceTree = "<group>"; };
		752A36F41C6CCDE8000B711F /* Default-568h@2x.png */ = {isa = PBXFileReference; lastKnownFileType = image.png; path = "Default-568h@2x.png"; sourceTree = "<group>"; };
		752A36F51C6CCDE8000B711F /* Default-667h@2x.png */ = {isa = PBXFileReference; lastKnownFileType = image.png; path = "Default-667h@2x.png"; sourceTree = "<group>"; };
		752A36F61C6CCDE8000B711F /* Default-736h@3x.png */ = {isa = PBXFileReference; lastKnownFileType = image.png; path = "Default-736h@3x.png"; sourceTree = "<group>"; };
		752A36F71C6CCDE8000B711F /* fin.png */ = {isa = PBXFileReference; lastKnownFileType = image.png; path = fin.png; sourceTree = "<group>"; };
		752A36F81C6CCDE8000B711F /* title_logo.png */ = {isa = PBXFileReference; lastKnownFileType = image.png; path = title_logo.png; sourceTree = "<group>"; };
		752A36F91C6CCDE8000B711F /* word_blank.png */ = {isa = PBXFileReference; lastKnownFileType = image.png; path = word_blank.png; sourceTree = "<group>"; };
		752A37001C6CDE8A000B711F /* QuestionViewController.swift */ = {isa = PBXFileReference; fileEncoding = 4; lastKnownFileType = sourcecode.swift; path = QuestionViewController.swift; sourceTree = "<group>"; };
		752A37021C6CDEA6000B711F /* FinishViewController.swift */ = {isa = PBXFileReference; fileEncoding = 4; lastKnownFileType = sourcecode.swift; path = FinishViewController.swift; sourceTree = "<group>"; };
		752A37041C6CDEC9000B711F /* ListTableViewController.swift */ = {isa = PBXFileReference; fileEncoding = 4; lastKnownFileType = sourcecode.swift; path = ListTableViewController.swift; sourceTree = "<group>"; };
		752A37061C6CDEE4000B711F /* AddViewController.swift */ = {isa = PBXFileReference; fileEncoding = 4; lastKnownFileType = sourcecode.swift; path = AddViewController.swift; sourceTree = "<group>"; };
		752A370C1C6CFF1A000B711F /* ListTableViewCell.swift */ = {isa = PBXFileReference; fileEncoding = 4; lastKnownFileType = sourcecode.swift; path = ListTableViewCell.swift; sourceTree = "<group>"; };
		752A370D1C6CFF1A000B711F /* ListTableViewCell.xib */ = {isa = PBXFileReference; fileEncoding = 4; lastKnownFileType = file.xib; path = ListTableViewCell.xib; sourceTree = "<group>"; };
/* End PBXFileReference section */

/* Begin PBXFrameworksBuildPhase section */
		752A36CA1C6CCD5B000B711F /* Frameworks */ = {
			isa = PBXFrameworksBuildPhase;
			buildActionMask = 2147483647;
			files = (
			);
			runOnlyForDeploymentPostprocessing = 0;
		};
		752A36DF1C6CCD5B000B711F /* Frameworks */ = {
			isa = PBXFrameworksBuildPhase;
			buildActionMask = 2147483647;
			files = (
			);
			runOnlyForDeploymentPostprocessing = 0;
		};
/* End PBXFrameworksBuildPhase section */

/* Begin PBXGroup section */
		752A36C41C6CCD5B000B711F = {
			isa = PBXGroup;
			children = (
				752A36CF1C6CCD5B000B711F /* WordList */,
				752A36E51C6CCD5B000B711F /* WordListTests */,
				752A36CE1C6CCD5B000B711F /* Products */,
			);
			sourceTree = "<group>";
		};
		752A36CE1C6CCD5B000B711F /* Products */ = {
			isa = PBXGroup;
			children = (
				752A36CD1C6CCD5B000B711F /* WordList.app */,
				752A36E21C6CCD5B000B711F /* WordListTests.xctest */,
			);
			name = Products;
			sourceTree = "<group>";
		};
		752A36CF1C6CCD5B000B711F /* WordList */ = {
			isa = PBXGroup;
			children = (
				752A36D21C6CCD5B000B711F /* AppDelegate.swift */,
				752A36D41C6CCD5B000B711F /* ViewController.swift */,
				752A36D61C6CCD5B000B711F /* Main.storyboard */,
				752A37001C6CDE8A000B711F /* QuestionViewController.swift */,
				752A37021C6CDEA6000B711F /* FinishViewController.swift */,
				752A37041C6CDEC9000B711F /* ListTableViewController.swift */,
				752A37061C6CDEE4000B711F /* AddViewController.swift */,
				752A36F21C6CCDE8000B711F /* WordList素材 */,
				752A36D91C6CCD5B000B711F /* Images.xcassets */,
				752A36DB1C6CCD5B000B711F /* LaunchScreen.xib */,
				752A36D01C6CCD5B000B711F /* Supporting Files */,
				752A370C1C6CFF1A000B711F /* ListTableViewCell.swift */,
				752A370D1C6CFF1A000B711F /* ListTableViewCell.xib */,
			);
			path = WordList;
			sourceTree = "<group>";
		};
		752A36D01C6CCD5B000B711F /* Supporting Files */ = {
			isa = PBXGroup;
			children = (
				752A36D11C6CCD5B000B711F /* Info.plist */,
			);
			name = "Supporting Files";
			sourceTree = "<group>";
		};
		752A36E51C6CCD5B000B711F /* WordListTests */ = {
			isa = PBXGroup;
			children = (
				752A36E81C6CCD5B000B711F /* WordListTests.swift */,
				752A36E61C6CCD5B000B711F /* Supporting Files */,
			);
			path = WordListTests;
			sourceTree = "<group>";
		};
		752A36E61C6CCD5B000B711F /* Supporting Files */ = {
			isa = PBXGroup;
			children = (
				752A36E71C6CCD5B000B711F /* Info.plist */,
			);
			name = "Supporting Files";
			sourceTree = "<group>";
		};
		752A36F21C6CCDE8000B711F /* WordList素材 */ = {
			isa = PBXGroup;
			children = (
				752A36F31C6CCDE8000B711F /* Defaults */,
				752A36F71C6CCDE8000B711F /* fin.png */,
				752A36F81C6CCDE8000B711F /* title_logo.png */,
				752A36F91C6CCDE8000B711F /* word_blank.png */,
			);
			path = "WordList素材";
			sourceTree = "<group>";
		};
		752A36F31C6CCDE8000B711F /* Defaults */ = {
			isa = PBXGroup;
			children = (
				752A36F41C6CCDE8000B711F /* Default-568h@2x.png */,
				752A36F51C6CCDE8000B711F /* Default-667h@2x.png */,
				752A36F61C6CCDE8000B711F /* Default-736h@3x.png */,
			);
			path = Defaults;
			sourceTree = "<group>";
		};
/* End PBXGroup section */

/* Begin PBXNativeTarget section */
		752A36CC1C6CCD5B000B711F /* WordList */ = {
			isa = PBXNativeTarget;
			buildConfigurationList = 752A36EC1C6CCD5B000B711F /* Build configuration list for PBXNativeTarget "WordList" */;
			buildPhases = (
				752A36C91C6CCD5B000B711F /* Sources */,
				752A36CA1C6CCD5B000B711F /* Frameworks */,
				752A36CB1C6CCD5B000B711F /* Resources */,
			);
			buildRules = (
			);
			dependencies = (
			);
			name = WordList;
			productName = WordList;
			productReference = 752A36CD1C6CCD5B000B711F /* WordList.app */;
			productType = "com.apple.product-type.application";
		};
		752A36E11C6CCD5B000B711F /* WordListTests */ = {
			isa = PBXNativeTarget;
			buildConfigurationList = 752A36EF1C6CCD5B000B711F /* Build configuration list for PBXNativeTarget "WordListTests" */;
			buildPhases = (
				752A36DE1C6CCD5B000B711F /* Sources */,
				752A36DF1C6CCD5B000B711F /* Frameworks */,
				752A36E01C6CCD5B000B711F /* Resources */,
			);
			buildRules = (
			);
			dependencies = (
				752A36E41C6CCD5B000B711F /* PBXTargetDependency */,
			);
			name = WordListTests;
			productName = WordListTests;
			productReference = 752A36E21C6CCD5B000B711F /* WordListTests.xctest */;
			productType = "com.apple.product-type.bundle.unit-test";
		};
/* End PBXNativeTarget section */

/* Begin PBXProject section */
		752A36C51C6CCD5B000B711F /* Project object */ = {
			isa = PBXProject;
			attributes = {
				LastUpgradeCheck = 0620;
				ORGANIZATIONNAME = "木村　恒輝";
				TargetAttributes = {
					752A36CC1C6CCD5B000B711F = {
						CreatedOnToolsVersion = 6.2;
					};
					752A36E11C6CCD5B000B711F = {
						CreatedOnToolsVersion = 6.2;
						TestTargetID = 752A36CC1C6CCD5B000B711F;
					};
				};
			};
			buildConfigurationList = 752A36C81C6CCD5B000B711F /* Build configuration list for PBXProject "WordList" */;
			compatibilityVersion = "Xcode 3.2";
			developmentRegion = English;
			hasScannedForEncodings = 0;
			knownRegions = (
				en,
				Base,
			);
			mainGroup = 752A36C41C6CCD5B000B711F;
			productRefGroup = 752A36CE1C6CCD5B000B711F /* Products */;
			projectDirPath = "";
			projectRoot = "";
			targets = (
				752A36CC1C6CCD5B000B711F /* WordList */,
				752A36E11C6CCD5B000B711F /* WordListTests */,
			);
		};
/* End PBXProject section */

/* Begin PBXResourcesBuildPhase section */
		752A36CB1C6CCD5B000B711F /* Resources */ = {
			isa = PBXResourcesBuildPhase;
			buildActionMask = 2147483647;
			files = (
				752A36D81C6CCD5B000B711F /* Main.storyboard in Resources */,
				752A36FD1C6CCDE8000B711F /* fin.png in Resources */,
				752A36FA1C6CCDE8000B711F /* Default-568h@2x.png in Resources */,
				752A36FE1C6CCDE8000B711F /* title_logo.png in Resources */,
				752A36DD1C6CCD5B000B711F /* LaunchScreen.xib in Resources */,
				752A36FF1C6CCDE8000B711F /* word_blank.png in Resources */,
				752A36DA1C6CCD5B000B711F /* Images.xcassets in Resources */,
				752A36FB1C6CCDE8000B711F /* Default-667h@2x.png in Resources */,
				752A36FC1C6CCDE8000B711F /* Default-736h@3x.png in Resources */,
				752A370F1C6CFF1A000B711F /* ListTableViewCell.xib in Resources */,
			);
			runOnlyForDeploymentPostprocessing = 0;
		};
		752A36E01C6CCD5B000B711F /* Resources */ = {
			isa = PBXResourcesBuildPhase;
			buildActionMask = 2147483647;
			files = (
			);
			runOnlyForDeploymentPostprocessing = 0;
		};
/* End PBXResourcesBuildPhase section */

/* Begin PBXSourcesBuildPhase section */
		752A36C91C6CCD5B000B711F /* Sources */ = {
			isa = PBXSourcesBuildPhase;
			buildActionMask = 2147483647;
			files = (
				752A370E1C6CFF1A000B711F /* ListTableViewCell.swift in Sources */,
				752A36D51C6CCD5B000B711F /* ViewController.swift in Sources */,
				752A37031C6CDEA6000B711F /* FinishViewController.swift in Sources */,
				752A37071C6CDEE4000B711F /* AddViewController.swift in Sources */,
				752A36D31C6CCD5B000B711F /* AppDelegate.swift in Sources */,
				752A37051C6CDEC9000B711F /* ListTableViewController.swift in Sources */,
				752A37011C6CDE8A000B711F /* QuestionViewController.swift in Sources */,
			);
			runOnlyForDeploymentPostprocessing = 0;
		};
		752A36DE1C6CCD5B000B711F /* Sources */ = {
			isa = PBXSourcesBuildPhase;
			buildActionMask = 2147483647;
			files = (
				752A36E91C6CCD5B000B711F /* WordListTests.swift in Sources */,
			);
			runOnlyForDeploymentPostprocessing = 0;
		};
/* End PBXSourcesBuildPhase section */

/* Begin PBXTargetDependency section */
		752A36E41C6CCD5B000B711F /* PBXTargetDependency */ = {
			isa = PBXTargetDependency;
			target = 752A36CC1C6CCD5B000B711F /* WordList */;
			targetProxy = 752A36E31C6CCD5B000B711F /* PBXContainerItemProxy */;
		};
/* End PBXTargetDependency section */

/* Begin PBXVariantGroup section */
		752A36D61C6CCD5B000B711F /* Main.storyboard */ = {
			isa = PBXVariantGroup;
			children = (
				752A36D71C6CCD5B000B711F /* Base */,
			);
			name = Main.storyboard;
			sourceTree = "<group>";
		};
		752A36DB1C6CCD5B000B711F /* LaunchScreen.xib */ = {
			isa = PBXVariantGroup;
			children = (
				752A36DC1C6CCD5B000B711F /* Base */,
			);
			name = LaunchScreen.xib;
			sourceTree = "<group>";
		};
/* End PBXVariantGroup section */

/* Begin XCBuildConfiguration section */
		752A36EA1C6CCD5B000B711F /* Debug */ = {
			isa = XCBuildConfiguration;
			buildSettings = {
				ALWAYS_SEARCH_USER_PATHS = NO;
				CLANG_CXX_LANGUAGE_STANDARD = "gnu++0x";
				CLANG_CXX_LIBRARY = "libc++";
				CLANG_ENABLE_MODULES = YES;
				CLANG_ENABLE_OBJC_ARC = YES;
				CLANG_WARN_BOOL_CONVERSION = YES;
				CLANG_WARN_CONSTANT_CONVERSION = YES;
				CLANG_WARN_DIRECT_OBJC_ISA_USAGE = YES_ERROR;
				CLANG_WARN_EMPTY_BODY = YES;
				CLANG_WARN_ENUM_CONVERSION = YES;
				CLANG_WARN_INT_CONVERSION = YES;
				CLANG_WARN_OBJC_ROOT_CLASS = YES_ERROR;
				CLANG_WARN_UNREACHABLE_CODE = YES;
				CLANG_WARN__DUPLICATE_METHOD_MATCH = YES;
				"CODE_SIGN_IDENTITY[sdk=iphoneos*]" = "iPhone Developer";
				COPY_PHASE_STRIP = NO;
				ENABLE_STRICT_OBJC_MSGSEND = YES;
				GCC_C_LANGUAGE_STANDARD = gnu99;
				GCC_DYNAMIC_NO_PIC = NO;
				GCC_OPTIMIZATION_LEVEL = 0;
				GCC_PREPROCESSOR_DEFINITIONS = (
					"DEBUG=1",
					"$(inherited)",
				);
				GCC_SYMBOLS_PRIVATE_EXTERN = NO;
				GCC_WARN_64_TO_32_BIT_CONVERSION = YES;
				GCC_WARN_ABOUT_RETURN_TYPE = YES_ERROR;
				GCC_WARN_UNDECLARED_SELECTOR = YES;
				GCC_WARN_UNINITIALIZED_AUTOS = YES_AGGRESSIVE;
				GCC_WARN_UNUSED_FUNCTION = YES;
				GCC_WARN_UNUSED_VARIABLE = YES;
				IPHONEOS_DEPLOYMENT_TARGET = 8.2;
				MTL_ENABLE_DEBUG_INFO = YES;
				ONLY_ACTIVE_ARCH = YES;
				SDKROOT = iphoneos;
				SWIFT_OPTIMIZATION_LEVEL = "-Onone";
			};
			name = Debug;
		};
		752A36EB1C6CCD5B000B711F /* Release */ = {
			isa = XCBuildConfiguration;
			buildSettings = {
				ALWAYS_SEARCH_USER_PATHS = NO;
				CLANG_CXX_LANGUAGE_STANDARD = "gnu++0x";
				CLANG_CXX_LIBRARY = "libc++";
				CLANG_ENABLE_MODULES = YES;
				CLANG_ENABLE_OBJC_ARC = YES;
				CLANG_WARN_BOOL_CONVERSION = YES;
				CLANG_WARN_CONSTANT_CONVERSION = YES;
				CLANG_WARN_DIRECT_OBJC_ISA_USAGE = YES_ERROR;
				CLANG_WARN_EMPTY_BODY = YES;
				CLANG_WARN_ENUM_CONVERSION = YES;
				CLANG_WARN_INT_CONVERSION = YES;
				CLANG_WARN_OBJC_ROOT_CLASS = YES_ERROR;
				CLANG_WARN_UNREACHABLE_CODE = YES;
				CLANG_WARN__DUPLICATE_METHOD_MATCH = YES;
				"CODE_SIGN_IDENTITY[sdk=iphoneos*]" = "iPhone Developer";
				COPY_PHASE_STRIP = NO;
				ENABLE_NS_ASSERTIONS = NO;
				ENABLE_STRICT_OBJC_MSGSEND = YES;
				GCC_C_LANGUAGE_STANDARD = gnu99;
				GCC_WARN_64_TO_32_BIT_CONVERSION = YES;
				GCC_WARN_ABOUT_RETURN_TYPE = YES_ERROR;
				GCC_WARN_UNDECLARED_SELECTOR = YES;
				GCC_WARN_UNINITIALIZED_AUTOS = YES_AGGRESSIVE;
				GCC_WARN_UNUSED_FUNCTION = YES;
				GCC_WARN_UNUSED_VARIABLE = YES;
				IPHONEOS_DEPLOYMENT_TARGET = 8.2;
				MTL_ENABLE_DEBUG_INFO = NO;
				SDKROOT = iphoneos;
				VALIDATE_PRODUCT = YES;
			};
			name = Release;
		};
		752A36ED1C6CCD5B000B711F /* Debug */ = {
			isa = XCBuildConfiguration;
			buildSettings = {
				ASSETCATALOG_COMPILER_APPICON_NAME = AppIcon;
				INFOPLIST_FILE = WordList/Info.plist;
				LD_RUNPATH_SEARCH_PATHS = "$(inherited) @executable_path/Frameworks";
				PRODUCT_NAME = "$(TARGET_NAME)";
			};
			name = Debug;
		};
		752A36EE1C6CCD5B000B711F /* Release */ = {
			isa = XCBuildConfiguration;
			buildSettings = {
				ASSETCATALOG_COMPILER_APPICON_NAME = AppIcon;
				INFOPLIST_FILE = WordList/Info.plist;
				LD_RUNPATH_SEARCH_PATHS = "$(inherited) @executable_path/Frameworks";
				PRODUCT_NAME = "$(TARGET_NAME)";
			};
			name = Release;
		};
		752A36F01C6CCD5B000B711F /* Debug */ = {
			isa = XCBuildConfiguration;
			buildSettings = {
				BUNDLE_LOADER = "$(TEST_HOST)";
				FRAMEWORK_SEARCH_PATHS = (
					"$(SDKROOT)/Developer/Library/Frameworks",
					"$(inherited)",
				);
				GCC_PREPROCESSOR_DEFINITIONS = (
					"DEBUG=1",
					"$(inherited)",
				);
				INFOPLIST_FILE = WordListTests/Info.plist;
				LD_RUNPATH_SEARCH_PATHS = "$(inherited) @executable_path/Frameworks @loader_path/Frameworks";
				PRODUCT_NAME = "$(TARGET_NAME)";
				TEST_HOST = "$(BUILT_PRODUCTS_DIR)/WordList.app/WordList";
			};
			name = Debug;
		};
		752A36F11C6CCD5B000B711F /* Release */ = {
			isa = XCBuildConfiguration;
			buildSettings = {
				BUNDLE_LOADER = "$(TEST_HOST)";
				FRAMEWORK_SEARCH_PATHS = (
					"$(SDKROOT)/Developer/Library/Frameworks",
					"$(inherited)",
				);
				INFOPLIST_FILE = WordListTests/Info.plist;
				LD_RUNPATH_SEARCH_PATHS = "$(inherited) @executable_path/Frameworks @loader_path/Frameworks";
				PRODUCT_NAME = "$(TARGET_NAME)";
				TEST_HOST = "$(BUILT_PRODUCTS_DIR)/WordList.app/WordList";
			};
			name = Release;
		};
/* End XCBuildConfiguration section */

/* Begin XCConfigurationList section */
		752A36C81C6CCD5B000B711F /* Build configuration list for PBXProject "WordList" */ = {
			isa = XCConfigurationList;
			buildConfigurations = (
				752A36EA1C6CCD5B000B711F /* Debug */,
				752A36EB1C6CCD5B000B711F /* Release */,
			);
			defaultConfigurationIsVisible = 0;
			defaultConfigurationName = Release;
		};
		752A36EC1C6CCD5B000B711F /* Build configuration list for PBXNativeTarget "WordList" */ = {
			isa = XCConfigurationList;
			buildConfigurations = (
				752A36ED1C6CCD5B000B711F /* Debug */,
				752A36EE1C6CCD5B000B711F /* Release */,
			);
			defaultConfigurationIsVisible = 0;
		};
		752A36EF1C6CCD5B000B711F /* Build configuration list for PBXNativeTarget "WordListTests" */ = {
			isa = XCConfigurationList;
			buildConfigurations = (
				752A36F01C6CCD5B000B711F /* Debug */,
				752A36F11C6CCD5B000B711F /* Release */,
			);
			defaultConfigurationIsVisible = 0;
		};
/* End XCConfigurationList section */
	};
	rootObject = 752A36C51C6CCD5B000B711F /* Project object */;
}
